
Microsoft Visual Studio Solution File, Format Version 12.00
# Visual Studio Version 17
VisualStudioVersion = 17.4.33205.214
MinimumVisualStudioVersion = 10.0.40219.1
Project("{2150E333-8FDC-42A3-9474-1A3956D46DE8}") = "1. Presentation Layer", "1. Presentation Layer", "{273A1CFA-A31D-47D3-B65D-35668174B75E}"
EndProject
Project("{2150E333-8FDC-42A3-9474-1A3956D46DE8}") = "2. Business Layer", "2. Business Layer", "{53ED4D1C-3825-4AB8-AD3A-A94D1875ED55}"
EndProject
Project("{2150E333-8FDC-42A3-9474-1A3956D46DE8}") = "3. DataAccess Layer", "3. DataAccess Layer", "{78896D3E-29DC-4DA5-93ED-E880C0B0958C}"
EndProject
Project("{9A19103F-16F7-4668-BE54-9A1E7A4F7556}") = "G1FOODWebAPI", "G1FOODWebAPI\G1FOODWebAPI.csproj", "{D896ACDF-3194-441A-949D-0B8E57927AC3}"
EndProject
Project("{9A19103F-16F7-4668-BE54-9A1E7A4F7556}") = "G1FOOD_User", "G1FOOD_User\G1FOOD_User.csproj", "{49EC5710-B396-4030-96D0-A247E40D4533}"
EndProject
Project("{9A19103F-16F7-4668-BE54-9A1E7A4F7556}") = "G1FOOD_Web_Admin", "G1FOOD_Web_Admin\G1FOOD_Web_Admin.csproj", "{7FCEF76F-896E-42B5-9CDD-6151EE46E051}"
EndProject
Project("{9A19103F-16F7-4668-BE54-9A1E7A4F7556}") = "G1FoodLibrary", "G1FoodLibrary\G1FoodLibrary.csproj", "{4B05609A-FE6C-413C-830C-841912C87952}"
EndProject
Project("{9A19103F-16F7-4668-BE54-9A1E7A4F7556}") = "DataAccess", "DataAccess\DataAccess.csproj", "{23C80944-65B8-44C7-9A2A-104ECD8B0C39}"
EndProject
Project("{9A19103F-16F7-4668-BE54-9A1E7A4F7556}") = "G1FOOD_Web_Staff", "G1FOOD_Web_Staff\G1FOOD_Web_Staff.csproj", "{42902320-DD98-41FB-9697-BDDFB47E845D}"
EndProject
Global
	GlobalSection(SolutionConfigurationPlatforms) = preSolution
		Debug|Any CPU = Debug|Any CPU
		Release|Any CPU = Release|Any CPU
	EndGlobalSection
	GlobalSection(ProjectConfigurationPlatforms) = postSolution
		{D896ACDF-3194-441A-949D-0B8E57927AC3}.Debug|Any CPU.ActiveCfg = Debug|Any CPU
		{D896ACDF-3194-441A-949D-0B8E57927AC3}.Debug|Any CPU.Build.0 = Debug|Any CPU
		{D896ACDF-3194-441A-949D-0B8E57927AC3}.Release|Any CPU.ActiveCfg = Release|Any CPU
		{D896ACDF-3194-441A-949D-0B8E57927AC3}.Release|Any CPU.Build.0 = Release|Any CPU
		{49EC5710-B396-4030-96D0-A247E40D4533}.Debug|Any CPU.ActiveCfg = Debug|Any CPU
		{49EC5710-B396-4030-96D0-A247E40D4533}.Debug|Any CPU.Build.0 = Debug|Any CPU
		{49EC5710-B396-4030-96D0-A247E40D4533}.Release|Any CPU.ActiveCfg = Release|Any CPU
		{49EC5710-B396-4030-96D0-A247E40D4533}.Release|Any CPU.Build.0 = Release|Any CPU
		{7FCEF76F-896E-42B5-9CDD-6151EE46E051}.Debug|Any CPU.ActiveCfg = Debug|Any CPU
		{7FCEF76F-896E-42B5-9CDD-6151EE46E051}.Debug|Any CPU.Build.0 = Debug|Any CPU
		{7FCEF76F-896E-42B5-9CDD-6151EE46E051}.Release|Any CPU.ActiveCfg = Release|Any CPU
		{7FCEF76F-896E-42B5-9CDD-6151EE46E051}.Release|Any CPU.Build.0 = Release|Any CPU
		{4B05609A-FE6C-413C-830C-841912C87952}.Debug|Any CPU.ActiveCfg = Debug|Any CPU
		{4B05609A-FE6C-413C-830C-841912C87952}.Debug|Any CPU.Build.0 = Debug|Any CPU
		{4B05609A-FE6C-413C-830C-841912C87952}.Release|Any CPU.ActiveCfg = Release|Any CPU
		{4B05609A-FE6C-413C-830C-841912C87952}.Release|Any CPU.Build.0 = Release|Any CPU
		{23C80944-65B8-44C7-9A2A-104ECD8B0C39}.Debug|Any CPU.ActiveCfg = Debug|Any CPU
		{23C80944-65B8-44C7-9A2A-104ECD8B0C39}.Debug|Any CPU.Build.0 = Debug|Any CPU
		{23C80944-65B8-44C7-9A2A-104ECD8B0C39}.Release|Any CPU.ActiveCfg = Release|Any CPU
		{23C80944-65B8-44C7-9A2A-104ECD8B0C39}.Release|Any CPU.Build.0 = Release|Any CPU
		{42902320-DD98-41FB-9697-BDDFB47E845D}.Debug|Any CPU.ActiveCfg = Debug|Any CPU
		{42902320-DD98-41FB-9697-BDDFB47E845D}.Debug|Any CPU.Build.0 = Debug|Any CPU
		{42902320-DD98-41FB-9697-BDDFB47E845D}.Release|Any CPU.ActiveCfg = Release|Any CPU
		{42902320-DD98-41FB-9697-BDDFB47E845D}.Release|Any CPU.Build.0 = Release|Any CPU
	EndGlobalSection
	GlobalSection(SolutionProperties) = preSolution
		HideSolutionNode = FALSE
	EndGlobalSection
	GlobalSection(NestedProjects) = preSolution
		{D896ACDF-3194-441A-949D-0B8E57927AC3} = {53ED4D1C-3825-4AB8-AD3A-A94D1875ED55}
		{49EC5710-B396-4030-96D0-A247E40D4533} = {273A1CFA-A31D-47D3-B65D-35668174B75E}
		{7FCEF76F-896E-42B5-9CDD-6151EE46E051} = {273A1CFA-A31D-47D3-B65D-35668174B75E}
		{4B05609A-FE6C-413C-830C-841912C87952} = {78896D3E-29DC-4DA5-93ED-E880C0B0958C}
		{23C80944-65B8-44C7-9A2A-104ECD8B0C39} = {78896D3E-29DC-4DA5-93ED-E880C0B0958C}
		{42902320-DD98-41FB-9697-BDDFB47E845D} = {273A1CFA-A31D-47D3-B65D-35668174B75E}
	EndGlobalSection
	GlobalSection(ExtensibilityGlobals) = postSolution
		SolutionGuid = {0405AADD-96CC-4DB8-ABF0-5E0D17D76B36}
	EndGlobalSection
EndGlobal
